# This file is automatically @generated by Poetry 1.8.0 and should not be changed by hand.

[[package]]
name = "proj3"
version = "0.1.0"
description = ""
optional = false
python-versions = "^3.8"
files = []
develop = true

[package.source]
type = "directory"
url = "../proj3"

[metadata]
lock-version = "2.0"
python-versions = "^3.8"
content-hash = "0642441c516b74dd4b8647b0b92de0ffba80232c264fa4254f36474dc51a4193"
