# This file is automatically @generated by Poetry 1.8.0 and should not be changed by hand.

[[package]]
name = "proj2"
version = "0.1.0"
description = ""
optional = false
python-versions = "^3.8"
files = []
develop = false

[package.dependencies]
proj3 = {path = "../proj3", optional = true}

[package.extras]
example = ["proj3 @ file:///Users/felix/Projects/tmrow/poetry-lock-file-repro/proj3"]

[package.source]
type = "directory"
url = "../proj2"

[[package]]
name = "proj3"
version = "0.1.0"
description = ""
optional = false
python-versions = "^3.8"
files = []
develop = false

[package.source]
type = "directory"
url = "../proj3"

[metadata]
lock-version = "2.0"
python-versions = "^3.8"
content-hash = "5e848cb55d6f6dd8f978f72295c39ec7c0391ebfb5bec2416f02d3993dc41136"
